
Microsoft Visual Studio Solution File, Format Version 12.00
# Visual Studio Version 16
VisualStudioVersion = 16.0.30717.126
MinimumVisualStudioVersion = 10.0.40219.1
Project("{FAE04EC0-301F-11D3-BF4B-00C04F79EFBC}") = "OptiMice_Assign", "OptiMice_Assign.csproj", "{0129873F-D281-4508-AF31-93E071410A0E}"
EndProject
Global
	GlobalSection(SolutionConfigurationPlatforms) = preSolution
		Debug|Any CPU = Debug|Any CPU
		Release|Any CPU = Release|Any CPU
	EndGlobalSection
	GlobalSection(ProjectConfigurationPlatforms) = postSolution
		{0129873F-D281-4508-AF31-93E071410A0E}.Debug|Any CPU.ActiveCfg = Debug|Any CPU
		{0129873F-D281-4508-AF31-93E071410A0E}.Debug|Any CPU.Build.0 = Debug|Any CPU
		{0129873F-D281-4508-AF31-93E071410A0E}.Release|Any CPU.ActiveCfg = Release|Any CPU
		{0129873F-D281-4508-AF31-93E071410A0E}.Release|Any CPU.Build.0 = Release|Any CPU
	EndGlobalSection
	GlobalSection(SolutionProperties) = preSolution
		HideSolutionNode = FALSE
	EndGlobalSection
	GlobalSection(ExtensibilityGlobals) = postSolution
		SolutionGuid = {6A2EF1BF-BD96-453F-9BB7-4A0CF85B1528}
	EndGlobalSection
EndGlobal
